
Microsoft Visual Studio Solution File, Format Version 12.00
# Visual Studio 2013
VisualStudioVersion = 12.0.31101.0
MinimumVisualStudioVersion = 10.0.40219.1
Project("{2150E333-8FDC-42A3-9474-1A3956D46DE8}") = "Engine", "Engine", "{12CD6A7C-B60F-49E7-A777-F969428EA4AB}"
EndProject
Project("{2150E333-8FDC-42A3-9474-1A3956D46DE8}") = "Games", "Games", "{AA854D0A-B604-438D-BE65-F1DA191DB81F}"
EndProject
Project("{8BC9CEB8-8B4A-11D0-8D11-00A0C91BC942}") = "pNoiseTest", "Intermediate\ProjectFiles\pNoiseTest.vcxproj", "{C8354005-7439-4898-BA12-28CD862C762A}"
EndProject
Project("{8BC9CEB8-8B4A-11D0-8D11-00A0C91BC942}") = "UE4", "Intermediate\ProjectFiles\UE4.vcxproj", "{77904069-90E2-407C-B8EA-53B5AFE1C14E}"
EndProject
Global
	GlobalSection(SolutionConfigurationPlatforms) = preSolution
		DebugGame Editor|Windows = DebugGame Editor|Windows
		DebugGame|Windows = DebugGame|Windows
		Development Editor|Windows = Development Editor|Windows
		Development|Windows = Development|Windows
		Shipping|Windows = Shipping|Windows
	EndGlobalSection
	GlobalSection(ProjectConfigurationPlatforms) = postSolution
		{C8354005-7439-4898-BA12-28CD862C762A}.DebugGame Editor|Windows.ActiveCfg = DebugGame_Editor|x64
		{C8354005-7439-4898-BA12-28CD862C762A}.DebugGame Editor|Windows.Build.0 = DebugGame_Editor|x64
		{C8354005-7439-4898-BA12-28CD862C762A}.DebugGame|Windows.ActiveCfg = DebugGame_Game|x64
		{C8354005-7439-4898-BA12-28CD862C762A}.DebugGame|Windows.Build.0 = DebugGame_Game|x64
		{C8354005-7439-4898-BA12-28CD862C762A}.Development Editor|Windows.ActiveCfg = Development_Editor|x64
		{C8354005-7439-4898-BA12-28CD862C762A}.Development Editor|Windows.Build.0 = Development_Editor|x64
		{C8354005-7439-4898-BA12-28CD862C762A}.Development|Windows.ActiveCfg = Development_Game|x64
		{C8354005-7439-4898-BA12-28CD862C762A}.Development|Windows.Build.0 = Development_Game|x64
		{C8354005-7439-4898-BA12-28CD862C762A}.Shipping|Windows.ActiveCfg = Shipping_Game|Win32
		{C8354005-7439-4898-BA12-28CD862C762A}.Shipping|Windows.Build.0 = Shipping_Game|Win32
		{77904069-90E2-407C-B8EA-53B5AFE1C14E}.DebugGame Editor|Windows.ActiveCfg = BuiltWithUnrealBuildTool|Win32
		{77904069-90E2-407C-B8EA-53B5AFE1C14E}.DebugGame|Windows.ActiveCfg = BuiltWithUnrealBuildTool|Win32
		{77904069-90E2-407C-B8EA-53B5AFE1C14E}.Development Editor|Windows.ActiveCfg = BuiltWithUnrealBuildTool|Win32
		{77904069-90E2-407C-B8EA-53B5AFE1C14E}.Development|Windows.ActiveCfg = BuiltWithUnrealBuildTool|Win32
		{77904069-90E2-407C-B8EA-53B5AFE1C14E}.Shipping|Windows.ActiveCfg = BuiltWithUnrealBuildTool|Win32
	EndGlobalSection
	GlobalSection(SolutionProperties) = preSolution
		HideSolutionNode = FALSE
	EndGlobalSection
	GlobalSection(NestedProjects) = preSolution
		{C8354005-7439-4898-BA12-28CD862C762A} = {AA854D0A-B604-438D-BE65-F1DA191DB81F}
		{77904069-90E2-407C-B8EA-53B5AFE1C14E} = {12CD6A7C-B60F-49E7-A777-F969428EA4AB}
	EndGlobalSection
EndGlobal
